{
  "name": "Myportfolio-master",
  "lockfileVersion": 3,
  "requires": true,
  "packages": {
    "": {
      "dependencies": {
        "@sendgrid/mail": "^8.1.3",
        "locomotive-scroll": "^4.1.4"
      }
    },
    "node_modules/@sendgrid/client": {
      "version": "8.1.3",
      "resolved": "https://registry.npmjs.org/@sendgrid/client/-/client-8.1.3.tgz",
      "integrity": "sha512-mRwTticRZIdUTsnyzvlK6dMu3jni9ci9J+dW/6fMMFpGRAJdCJlivFVYQvqk8kRS3RnFzS7sf6BSmhLl1ldDhA==",
      "dependencies": {
        "@sendgrid/helpers": "^8.0.0",
        "axios": "^1.6.8"
      },
      "engines": {
        "node": ">=12.*"
      }
    },
    "node_modules/@sendgrid/helpers": {
      "version": "8.0.0",
      "resolved": "https://registry.npmjs.org/@sendgrid/helpers/-/helpers-8.0.0.tgz",
      "integrity": "sha512-Ze7WuW2Xzy5GT5WRx+yEv89fsg/pgy3T1E3FS0QEx0/VvRmigMZ5qyVGhJz4SxomegDkzXv/i0aFPpHKN8qdAA==",
      "dependencies": {
        "deepmerge": "^4.2.2"
      },
      "engines": {
        "node": ">= 12.0.0"
      }
    },
    "node_modules/@sendgrid/mail": {
      "version": "8.1.3",
      "resolved": "https://registry.npmjs.org/@sendgrid/mail/-/mail-8.1.3.tgz",
      "integrity": "sha512-Wg5iKSUOER83/cfY6rbPa+o3ChnYzWwv1OcsR8gCV8SKi+sUPIMroildimlnb72DBkQxcbylxng1W7f0RIX7MQ==",
      "dependencies": {
        "@sendgrid/client": "^8.1.3",
        "@sendgrid/helpers": "^8.0.0"
      },
      "engines": {
        "node": ">=12.*"
      }
    },
    "node_modules/asynckit": {
      "version": "0.4.0",
      "resolved": "https://registry.npmjs.org/asynckit/-/asynckit-0.4.0.tgz",
      "integrity": "sha512-Oei9OH4tRh0YqU3GxhX79dM/mwVgvbZJaSNaRk+bshkj0S5cfHcgYakreBjrHwatXKbz+IoIdYLxrKim2MjW0Q=="
    },
    "node_modules/axios": {
      "version": "1.7.2",
      "resolved": "https://registry.npmjs.org/axios/-/axios-1.7.2.tgz",
      "integrity": "sha512-2A8QhOMrbomlDuiLeK9XibIBzuHeRcqqNOHp0Cyp5EoJ1IFDh+XZH3A6BkXtv0K4gFGCI0Y4BM7B1wOEi0Rmgw==",
      "dependencies": {
        "follow-redirects": "^1.15.6",
        "form-data": "^4.0.0",
        "proxy-from-env": "^1.1.0"
      }
    },
    "node_modules/bezier-easing": {
      "version": "2.1.0",
      "resolved": "https://registry.npmjs.org/bezier-easing/-/bezier-easing-2.1.0.tgz",
      "integrity": "sha512-gbIqZ/eslnUFC1tjEvtz0sgx+xTK20wDnYMIA27VA04R7w6xxXQPZDbibjA9DTWZRA2CXtwHykkVzlCaAJAZig=="
    },
    "node_modules/bindall-standalone": {
      "version": "1.0.5",
      "resolved": "https://registry.npmjs.org/bindall-standalone/-/bindall-standalone-1.0.5.tgz",
      "integrity": "sha512-HDI7YBWXVJk/eoGz+e4lYQQJnYp1ZHcUvAY71lVptLMhQnDm86vD73AGPw2qIlgYR3P0bjmoAcXiA8qhFejBhA=="
    },
    "node_modules/combined-stream": {
      "version": "1.0.8",
      "resolved": "https://registry.npmjs.org/combined-stream/-/combined-stream-1.0.8.tgz",
      "integrity": "sha512-FQN4MRfuJeHf7cBbBMJFXhKSDq+2kAArBlmRBvcvFE5BB1HZKXtSFASDhdlz9zOYwxh8lDdnvmMOe/+5cdoEdg==",
      "dependencies": {
        "delayed-stream": "~1.0.0"
      },
      "engines": {
        "node": ">= 0.8"
      }
    },
    "node_modules/deepmerge": {
      "version": "4.3.1",
      "resolved": "https://registry.npmjs.org/deepmerge/-/deepmerge-4.3.1.tgz",
      "integrity": "sha512-3sUqbMEc77XqpdNO7FRyRog+eW3ph+GYCbj+rK+uYyRMuwsVy0rMiVtPn+QJlKFvWP/1PYpapqYn0Me2knFn+A==",
      "engines": {
        "node": ">=0.10.0"
      }
    },
    "node_modules/delayed-stream": {
      "version": "1.0.0",
      "resolved": "https://registry.npmjs.org/delayed-stream/-/delayed-stream-1.0.0.tgz",
      "integrity": "sha512-ZySD7Nf91aLB0RxL4KGrKHBXl7Eds1DAmEdcoVawXnLD7SDhpNgtuII2aAkg7a7QS41jxPSZ17p4VdGnMHk3MQ==",
      "engines": {
        "node": ">=0.4.0"
      }
    },
    "node_modules/follow-redirects": {
      "version": "1.15.6",
      "resolved": "https://registry.npmjs.org/follow-redirects/-/follow-redirects-1.15.6.tgz",
      "integrity": "sha512-wWN62YITEaOpSK584EZXJafH1AGpO8RVgElfkuXbTOrPX4fIfOyEpW/CsiNd8JdYrAoOvafRTOEnvsO++qCqFA==",
      "funding": [
        {
          "type": "individual",
          "url": "https://github.com/sponsors/RubenVerborgh"
        }
      ],
      "engines": {
        "node": ">=4.0"
      },
      "peerDependenciesMeta": {
        "debug": {
          "optional": true
        }
      }
    },
    "node_modules/form-data": {
      "version": "4.0.0",
      "resolved": "https://registry.npmjs.org/form-data/-/form-data-4.0.0.tgz",
      "integrity": "sha512-ETEklSGi5t0QMZuiXoA/Q6vcnxcLQP5vdugSpuAyi6SVGi2clPPp+xgEhuMaHC+zGgn31Kd235W35f7Hykkaww==",
      "dependencies": {
        "asynckit": "^0.4.0",
        "combined-stream": "^1.0.8",
        "mime-types": "^2.1.12"
      },
      "engines": {
        "node": ">= 6"
      }
    },
    "node_modules/lethargy": {
      "version": "1.0.9",
      "resolved": "https://registry.npmjs.org/lethargy/-/lethargy-1.0.9.tgz",
      "integrity": "sha512-nFM8blpCF9rqIL5mRAaTGc78W8oQixVtsD86jbEPvcI13+lDUYJf3R7DZQQL7tCiBpbGpGKMX2gwJFO9hiaOkg=="
    },
    "node_modules/locomotive-scroll": {
      "version": "4.1.4",
      "resolved": "https://registry.npmjs.org/locomotive-scroll/-/locomotive-scroll-4.1.4.tgz",
      "integrity": "sha512-6i98cFF2SKg6wIPpwVPuo2FG8qL3USsdDeew78TEYZyLoqleMWNfkSDpWA6mPym4dOfTIBXc678VmGlkgx3fTA==",
      "dependencies": {
        "bezier-easing": "^2.1.0",
        "smoothscroll-polyfill": "^0.4.4",
        "virtual-scroll": "^1.5.2"
      }
    },
    "node_modules/mime-db": {
      "version": "1.52.0",
      "resolved": "https://registry.npmjs.org/mime-db/-/mime-db-1.52.0.tgz",
      "integrity": "sha512-sPU4uV7dYlvtWJxwwxHD0PuihVNiE7TyAbQ5SWxDCB9mUYvOgroQOwYQQOKPJ8CIbE+1ETVlOoK1UC2nU3gYvg==",
      "engines": {
        "node": ">= 0.6"
      }
    },
    "node_modules/mime-types": {
      "version": "2.1.35",
      "resolved": "https://registry.npmjs.org/mime-types/-/mime-types-2.1.35.tgz",
      "integrity": "sha512-ZDY+bPm5zTTF+YpCrAU9nK0UgICYPT0QtT1NZWFv4s++TNkcgVaT0g6+4R2uI4MjQjzysHB1zxuWL50hzaeXiw==",
      "dependencies": {
        "mime-db": "1.52.0"
      },
      "engines": {
        "node": ">= 0.6"
      }
    },
    "node_modules/object-assign": {
      "version": "4.1.1",
      "resolved": "https://registry.npmjs.org/object-assign/-/object-assign-4.1.1.tgz",
      "integrity": "sha512-rJgTQnkUnH1sFw8yT6VSU3zD3sWmu6sZhIseY8VX+GRu3P6F7Fu+JNDoXfklElbLJSnc3FUQHVe4cU5hj+BcUg==",
      "engines": {
        "node": ">=0.10.0"
      }
    },
    "node_modules/proxy-from-env": {
      "version": "1.1.0",
      "resolved": "https://registry.npmjs.org/proxy-from-env/-/proxy-from-env-1.1.0.tgz",
      "integrity": "sha512-D+zkORCbA9f1tdWRK0RaCR3GPv50cMxcrz4X8k5LTSUD1Dkw47mKJEZQNunItRTkWwgtaUSo1RVFRIG9ZXiFYg=="
    },
    "node_modules/smoothscroll-polyfill": {
      "version": "0.4.4",
      "resolved": "https://registry.npmjs.org/smoothscroll-polyfill/-/smoothscroll-polyfill-0.4.4.tgz",
      "integrity": "sha512-TK5ZA9U5RqCwMpfoMq/l1mrH0JAR7y7KRvOBx0n2869aLxch+gT9GhN3yUfjiw+d/DiF1mKo14+hd62JyMmoBg=="
    },
    "node_modules/tiny-emitter": {
      "version": "1.2.0",
      "resolved": "https://registry.npmjs.org/tiny-emitter/-/tiny-emitter-1.2.0.tgz",
      "integrity": "sha512-rWjF00inHeWtT5UbQYAXoMI4hL6TRMqohuKCsODyPYYmfAxqfMnXLsIeNrbdPEkNxlk++rojVilTnI9IVmEBtA=="
    },
    "node_modules/virtual-scroll": {
      "version": "1.5.2",
      "resolved": "https://registry.npmjs.org/virtual-scroll/-/virtual-scroll-1.5.2.tgz",
      "integrity": "sha512-7jDHwlKbHUho7CYU/HojE/VKFH8GV9P5fVWP2HCa7dRUOpVvwl93OBOKIIcb2mKd+vqsbVR/0zl0X70+3sUZqA==",
      "dependencies": {
        "bindall-standalone": "^1.0.5",
        "lethargy": "^1.0.2",
        "object-assign": "^4.0.1",
        "tiny-emitter": "^1.0.0"
      }
    }
  }
}
